{
  "name": "devthing",
  "version": "0.0.8",
  "lockfileVersion": 3,
  "requires": true,
  "packages": {
    "": {
      "name": "devthing",
      "version": "0.0.8",
      "devDependencies": {
        "tiddlywiki": "5.4.1"
      }
    },
    "node_modules/tiddlywiki": {
      "version": "5.4.1",
      "resolved": "https://registry.npmjs.org/tiddlywiki/-/tiddlywiki-5.4.1.tgz",
      "integrity": "sha512-5Pnk7j8cUMoQHD0CarOWd4ixITURsN4DJxLfg8AGYSMiQoOHH6bp8JDCAgSdvZHRCQmvXtbm5FRxBFBT6WG24A==",
      "dev": true,
      "license": "BSD",
      "bin": {
        "tiddlywiki": "tiddlywiki.js"
      },
      "engines": {
        "node": ">=20.0.0"
      }
    }
  }
}
